{
  "originHash" : "97cdfa34525ff9906433d2c2952d0a513e18e7a78aa31f4e94fc1ef354cb58c9",
  "pins" : [
    {
      "identity" : "swiftfulrecursiveui",
      "kind" : "remoteSourceControl",
      "location" : "https://github.com/SwiftfulThinking/SwiftfulRecursiveUI.git",
      "state" : {
        "revision" : "3d2d5ac6efe70874fb5ffb2f8e1d5ccd457f4366",
        "version" : "1.0.2"
      }
    },
    {
      "identity" : "swiftfulrouting",
      "kind" : "remoteSourceControl",
      "location" : "https://github.com/SwiftfulThinking/SwiftfulRouting",
      "state" : {
        "revision" : "bf0a8b4628b0e24d60f090b382c15b96329ab92c",
        "version" : "5.3.6"
      }
    }
  ],
  "version" : 3
}
